
Microsoft Visual Studio Solution File, Format Version 12.00
# Visual Studio Version 17
VisualStudioVersion = 17.1.32407.343
MinimumVisualStudioVersion = 10.0.40219.1
Project("{8BC9CEB8-8B4A-11D0-8D11-00A0C91BC942}") = "test c++", "test c++\test c++.vcxproj", "{EBEA7C5C-0160-4FC6-816E-C57978267095}"
EndProject
Global
	GlobalSection(SolutionConfigurationPlatforms) = preSolution
		Debug|x64 = Debug|x64
		Debug|x86 = Debug|x86
		Release|x64 = Release|x64
		Release|x86 = Release|x86
	EndGlobalSection
	GlobalSection(ProjectConfigurationPlatforms) = postSolution
		{EBEA7C5C-0160-4FC6-816E-C57978267095}.Debug|x64.ActiveCfg = Debug|x64
		{EBEA7C5C-0160-4FC6-816E-C57978267095}.Debug|x64.Build.0 = Debug|x64
		{EBEA7C5C-0160-4FC6-816E-C57978267095}.Debug|x86.ActiveCfg = Debug|Win32
		{EBEA7C5C-0160-4FC6-816E-C57978267095}.Debug|x86.Build.0 = Debug|Win32
		{EBEA7C5C-0160-4FC6-816E-C57978267095}.Release|x64.ActiveCfg = Release|x64
		{EBEA7C5C-0160-4FC6-816E-C57978267095}.Release|x64.Build.0 = Release|x64
		{EBEA7C5C-0160-4FC6-816E-C57978267095}.Release|x86.ActiveCfg = Release|Win32
		{EBEA7C5C-0160-4FC6-816E-C57978267095}.Release|x86.Build.0 = Release|Win32
	EndGlobalSection
	GlobalSection(SolutionProperties) = preSolution
		HideSolutionNode = FALSE
	EndGlobalSection
	GlobalSection(ExtensibilityGlobals) = postSolution
		SolutionGuid = {300700D9-D007-4B53-95B7-0F5868E3291B}
	EndGlobalSection
EndGlobal
